// !$*UTF8*$!
{
	archiveVersion = 1;
	classes = {
	};
	objectVersion = 46;
	objects = {

/* Begin PBXBuildFile section */
		050EA48E175925E600FC905A /* CMTrackTableView.m in Sources */ = {isa = PBXBuildFile; fileRef = 050EA48D175925E600FC905A /* CMTrackTableView.m */; };
		051AA91B16EF51970095FF6E /* CMMainViewController.m in Sources */ = {isa = PBXBuildFile; fileRef = 051AA91916EF51970095FF6E /* CMMainViewController.m */; };
		052787061A24262F0006ED3E /* Images.xcassets in Resources */ = {isa = PBXBuildFile; fileRef = 052787051A24262F0006ED3E /* Images.xcassets */; };
		052E3C991A242E4900BB2FC0 /* Main.storyboard in Resources */ = {isa = PBXBuildFile; fileRef = 052E3C981A242E4900BB2FC0 /* Main.storyboard */; };
		05356129175A8B9C00243BD2 /* CMTrackDurationTransformer.m in Sources */ = {isa = PBXBuildFile; fileRef = 05356128175A8B9C00243BD2 /* CMTrackDurationTransformer.m */; };
		0535612C175A8CD400243BD2 /* CMTrackOrderTransformer.m in Sources */ = {isa = PBXBuildFile; fileRef = 0535612B175A8CD400243BD2 /* CMTrackOrderTransformer.m */; };
		0543D4501A236B5C001E1661 /* CMCoreDataManager.m in Sources */ = {isa = PBXBuildFile; fileRef = 0543D44F1A236B5C001E1661 /* CMCoreDataManager.m */; };
		0543D45F1A241FED001E1661 /* CMTrack.m in Sources */ = {isa = PBXBuildFile; fileRef = 0543D45E1A241FED001E1661 /* CMTrack.m */; };
		055424D0175BD95E0062080A /* CMTimeFormatter.m in Sources */ = {isa = PBXBuildFile; fileRef = 055424CF175BD95E0062080A /* CMTimeFormatter.m */; };
		05CBE58C175938BA009B2AC0 /* CMMediaManager.m in Sources */ = {isa = PBXBuildFile; fileRef = 05CBE58B175938BA009B2AC0 /* CMMediaManager.m */; };
		05D00AEE17DD5C9600789012 /* CMExpiryManager.m in Sources */ = {isa = PBXBuildFile; fileRef = 05D00AED17DD5C9600789012 /* CMExpiryManager.m */; };
		05EC7AC1167AE9660062911E /* InfoPlist.strings in Resources */ = {isa = PBXBuildFile; fileRef = 05EC7ABF167AE9660062911E /* InfoPlist.strings */; };
		05EC7AC3167AE9660062911E /* main.m in Sources */ = {isa = PBXBuildFile; fileRef = 05EC7AC2167AE9660062911E /* main.m */; };
		05EC7AC7167AE9660062911E /* Credits.rtf in Resources */ = {isa = PBXBuildFile; fileRef = 05EC7AC5167AE9660062911E /* Credits.rtf */; };
		05EC7ACA167AE9660062911E /* CMAppDelegate.m in Sources */ = {isa = PBXBuildFile; fileRef = 05EC7AC9167AE9660062911E /* CMAppDelegate.m */; };
		05EC7AD0167AE9660062911E /* Centurion_Maker.xcdatamodeld in Sources */ = {isa = PBXBuildFile; fileRef = 05EC7ACE167AE9660062911E /* Centurion_Maker.xcdatamodeld */; };
		05EC7AF0167B29090062911E /* ComputerData.caf in Resources */ = {isa = PBXBuildFile; fileRef = 05EC7AEF167B29090062911E /* ComputerData.caf */; };
		05F406DA175BFDC2009FCE81 /* NSNumber+DurationFormat.m in Sources */ = {isa = PBXBuildFile; fileRef = 05F406D9175BFDC2009FCE81 /* NSNumber+DurationFormat.m */; };
		05F406DD175BFE7F009FCE81 /* NSString+DurationFormat.m in Sources */ = {isa = PBXBuildFile; fileRef = 05F406DC175BFE7F009FCE81 /* NSString+DurationFormat.m */; };
		05F406E1175C1524009FCE81 /* NSPopover+Message.m in Sources */ = {isa = PBXBuildFile; fileRef = 05F406DF175C1524009FCE81 /* NSPopover+Message.m */; };
		05F406E2175C1524009FCE81 /* NSString+Size.m in Sources */ = {isa = PBXBuildFile; fileRef = 05F406E0175C1524009FCE81 /* NSString+Size.m */; };
/* End PBXBuildFile section */

/* Begin PBXCopyFilesBuildPhase section */
		0543D4651A2420C2001E1661 /* Embed Frameworks */ = {
			isa = PBXCopyFilesBuildPhase;
			buildActionMask = 2147483647;
			dstPath = "";
			dstSubfolderSpec = 10;
			files = (
			);
			name = "Embed Frameworks";
			runOnlyForDeploymentPostprocessing = 0;
		};
/* End PBXCopyFilesBuildPhase section */

/* Begin PBXFileReference section */
		050EA48C175925E600FC905A /* CMTrackTableView.h */ = {isa = PBXFileReference; fileEncoding = 4; lastKnownFileType = sourcecode.c.h; path = CMTrackTableView.h; sourceTree = "<group>"; };
		050EA48D175925E600FC905A /* CMTrackTableView.m */ = {isa = PBXFileReference; fileEncoding = 4; lastKnownFileType = sourcecode.c.objc; path = CMTrackTableView.m; sourceTree = "<group>"; };
		051AA91816EF51970095FF6E /* CMMainViewController.h */ = {isa = PBXFileReference; fileEncoding = 4; lastKnownFileType = sourcecode.c.h; path = CMMainViewController.h; sourceTree = "<group>"; };
		051AA91916EF51970095FF6E /* CMMainViewController.m */ = {isa = PBXFileReference; fileEncoding = 4; lastKnownFileType = sourcecode.c.objc; path = CMMainViewController.m; sourceTree = "<group>"; };
		052787051A24262F0006ED3E /* Images.xcassets */ = {isa = PBXFileReference; lastKnownFileType = folder.assetcatalog; path = Images.xcassets; sourceTree = "<group>"; };
		052787071A242CE40006ED3E /* icon-big.png */ = {isa = PBXFileReference; lastKnownFileType = image.png; path = "icon-big.png"; sourceTree = "<group>"; };
		052E3C981A242E4900BB2FC0 /* Main.storyboard */ = {isa = PBXFileReference; fileEncoding = 4; lastKnownFileType = file.storyboard; path = Main.storyboard; sourceTree = "<group>"; };
		05356127175A8B9C00243BD2 /* CMTrackDurationTransformer.h */ = {isa = PBXFileReference; fileEncoding = 4; lastKnownFileType = sourcecode.c.h; path = CMTrackDurationTransformer.h; sourceTree = "<group>"; };
		05356128175A8B9C00243BD2 /* CMTrackDurationTransformer.m */ = {isa = PBXFileReference; fileEncoding = 4; lastKnownFileType = sourcecode.c.objc; path = CMTrackDurationTransformer.m; sourceTree = "<group>"; };
		0535612A175A8CD400243BD2 /* CMTrackOrderTransformer.h */ = {isa = PBXFileReference; fileEncoding = 4; lastKnownFileType = sourcecode.c.h; path = CMTrackOrderTransformer.h; sourceTree = "<group>"; };
		0535612B175A8CD400243BD2 /* CMTrackOrderTransformer.m */ = {isa = PBXFileReference; fileEncoding = 4; lastKnownFileType = sourcecode.c.objc; path = CMTrackOrderTransformer.m; sourceTree = "<group>"; };
		0543D44E1A236B5C001E1661 /* CMCoreDataManager.h */ = {isa = PBXFileReference; fileEncoding = 4; lastKnownFileType = sourcecode.c.h; path = CMCoreDataManager.h; sourceTree = "<group>"; };
		0543D44F1A236B5C001E1661 /* CMCoreDataManager.m */ = {isa = PBXFileReference; fileEncoding = 4; lastKnownFileType = sourcecode.c.objc; path = CMCoreDataManager.m; sourceTree = "<group>"; };
		0543D45D1A241FED001E1661 /* CMTrack.h */ = {isa = PBXFileReference; fileEncoding = 4; lastKnownFileType = sourcecode.c.h; path = CMTrack.h; sourceTree = "<group>"; };
		0543D45E1A241FED001E1661 /* CMTrack.m */ = {isa = PBXFileReference; fileEncoding = 4; lastKnownFileType = sourcecode.c.objc; path = CMTrack.m; sourceTree = "<group>"; };
		055424CE175BD95E0062080A /* CMTimeFormatter.h */ = {isa = PBXFileReference; fileEncoding = 4; lastKnownFileType = sourcecode.c.h; path = CMTimeFormatter.h; sourceTree = "<group>"; };
		055424CF175BD95E0062080A /* CMTimeFormatter.m */ = {isa = PBXFileReference; fileEncoding = 4; lastKnownFileType = sourcecode.c.objc; path = CMTimeFormatter.m; sourceTree = "<group>"; };
		05CBE58A175938BA009B2AC0 /* CMMediaManager.h */ = {isa = PBXFileReference; fileEncoding = 4; lastKnownFileType = sourcecode.c.h; path = CMMediaManager.h; sourceTree = "<group>"; };
		05CBE58B175938BA009B2AC0 /* CMMediaManager.m */ = {isa = PBXFileReference; fileEncoding = 4; lastKnownFileType = sourcecode.c.objc; path = CMMediaManager.m; sourceTree = "<group>"; };
		05D00AEC17DD5C9600789012 /* CMExpiryManager.h */ = {isa = PBXFileReference; fileEncoding = 4; lastKnownFileType = sourcecode.c.h; path = CMExpiryManager.h; sourceTree = "<group>"; };
		05D00AED17DD5C9600789012 /* CMExpiryManager.m */ = {isa = PBXFileReference; fileEncoding = 4; lastKnownFileType = sourcecode.c.objc; path = CMExpiryManager.m; sourceTree = "<group>"; };
		05EC7AB2167AE9660062911E /* Centurion Maker.app */ = {isa = PBXFileReference; explicitFileType = wrapper.application; includeInIndex = 0; path = "Centurion Maker.app"; sourceTree = BUILT_PRODUCTS_DIR; };
		05EC7AB6167AE9660062911E /* Cocoa.framework */ = {isa = PBXFileReference; lastKnownFileType = wrapper.framework; name = Cocoa.framework; path = System/Library/Frameworks/Cocoa.framework; sourceTree = SDKROOT; };
		05EC7AB9167AE9660062911E /* AppKit.framework */ = {isa = PBXFileReference; lastKnownFileType = wrapper.framework; name = AppKit.framework; path = System/Library/Frameworks/AppKit.framework; sourceTree = SDKROOT; };
		05EC7ABA167AE9660062911E /* CoreData.framework */ = {isa = PBXFileReference; lastKnownFileType = wrapper.framework; name = CoreData.framework; path = System/Library/Frameworks/CoreData.framework; sourceTree = SDKROOT; };
		05EC7ABB167AE9660062911E /* Foundation.framework */ = {isa = PBXFileReference; lastKnownFileType = wrapper.framework; name = Foundation.framework; path = System/Library/Frameworks/Foundation.framework; sourceTree = SDKROOT; };
		05EC7ABE167AE9660062911E /* Centurion Maker-Info.plist */ = {isa = PBXFileReference; lastKnownFileType = text.plist.xml; path = "Centurion Maker-Info.plist"; sourceTree = "<group>"; };
		05EC7AC0167AE9660062911E /* en */ = {isa = PBXFileReference; lastKnownFileType = text.plist.strings; name = en; path = en.lproj/InfoPlist.strings; sourceTree = "<group>"; };
		05EC7AC2167AE9660062911E /* main.m */ = {isa = PBXFileReference; lastKnownFileType = sourcecode.c.objc; path = main.m; sourceTree = "<group>"; };
		05EC7AC4167AE9660062911E /* Centurion Maker-Prefix.pch */ = {isa = PBXFileReference; lastKnownFileType = sourcecode.c.h; path = "Centurion Maker-Prefix.pch"; sourceTree = "<group>"; };
		05EC7AC6167AE9660062911E /* en */ = {isa = PBXFileReference; lastKnownFileType = text.rtf; name = en; path = en.lproj/Credits.rtf; sourceTree = "<group>"; };
		05EC7AC8167AE9660062911E /* CMAppDelegate.h */ = {isa = PBXFileReference; lastKnownFileType = sourcecode.c.h; path = CMAppDelegate.h; sourceTree = "<group>"; };
		05EC7AC9167AE9660062911E /* CMAppDelegate.m */ = {isa = PBXFileReference; lastKnownFileType = sourcecode.c.objc; path = CMAppDelegate.m; sourceTree = "<group>"; };
		05EC7ACF167AE9660062911E /* Centurion_Maker.xcdatamodel */ = {isa = PBXFileReference; lastKnownFileType = wrapper.xcdatamodel; path = Centurion_Maker.xcdatamodel; sourceTree = "<group>"; };
		05EC7ADB167AE9B50062911E /* AVFoundation.framework */ = {isa = PBXFileReference; lastKnownFileType = wrapper.framework; name = AVFoundation.framework; path = System/Library/Frameworks/AVFoundation.framework; sourceTree = SDKROOT; };
		05EC7ADD167AE9BB0062911E /* CoreMedia.framework */ = {isa = PBXFileReference; lastKnownFileType = wrapper.framework; name = CoreMedia.framework; path = System/Library/Frameworks/CoreMedia.framework; sourceTree = SDKROOT; };
		05EC7AEF167B29090062911E /* ComputerData.caf */ = {isa = PBXFileReference; lastKnownFileType = file; path = ComputerData.caf; sourceTree = "<group>"; };
		05F406D8175BFDC2009FCE81 /* NSNumber+DurationFormat.h */ = {isa = PBXFileReference; fileEncoding = 4; lastKnownFileType = sourcecode.c.h; path = "NSNumber+DurationFormat.h"; sourceTree = "<group>"; };
		05F406D9175BFDC2009FCE81 /* NSNumber+DurationFormat.m */ = {isa = PBXFileReference; fileEncoding = 4; lastKnownFileType = sourcecode.c.objc; path = "NSNumber+DurationFormat.m"; sourceTree = "<group>"; };
		05F406DB175BFE7F009FCE81 /* NSString+DurationFormat.h */ = {isa = PBXFileReference; fileEncoding = 4; lastKnownFileType = sourcecode.c.h; path = "NSString+DurationFormat.h"; sourceTree = "<group>"; };
		05F406DC175BFE7F009FCE81 /* NSString+DurationFormat.m */ = {isa = PBXFileReference; fileEncoding = 4; lastKnownFileType = sourcecode.c.objc; path = "NSString+DurationFormat.m"; sourceTree = "<group>"; };
		05F406DE175BFEB6009FCE81 /* DurationFormat.h */ = {isa = PBXFileReference; lastKnownFileType = sourcecode.c.h; path = DurationFormat.h; sourceTree = "<group>"; };
		05F406DF175C1524009FCE81 /* NSPopover+Message.m */ = {isa = PBXFileReference; fileEncoding = 4; lastKnownFileType = sourcecode.c.objc; path = "NSPopover+Message.m"; sourceTree = "<group>"; };
		05F406E0175C1524009FCE81 /* NSString+Size.m */ = {isa = PBXFileReference; fileEncoding = 4; lastKnownFileType = sourcecode.c.objc; path = "NSString+Size.m"; sourceTree = "<group>"; };
		05F406E3175C152F009FCE81 /* NSPopover+Message.h */ = {isa = PBXFileReference; fileEncoding = 4; lastKnownFileType = sourcecode.c.h; path = "NSPopover+Message.h"; sourceTree = "<group>"; };
		05F406E4175C152F009FCE81 /* NSString+Size.h */ = {isa = PBXFileReference; fileEncoding = 4; lastKnownFileType = sourcecode.c.h; path = "NSString+Size.h"; sourceTree = "<group>"; };
/* End PBXFileReference section */

/* Begin PBXFrameworksBuildPhase section */
		05EC7AAF167AE9660062911E /* Frameworks */ = {
			isa = PBXFrameworksBuildPhase;
			buildActionMask = 2147483647;
			files = (
			);
			runOnlyForDeploymentPostprocessing = 0;
		};
/* End PBXFrameworksBuildPhase section */

/* Begin PBXGroup section */
		050EA48F175925EB00FC905A /* Subclasses */ = {
			isa = PBXGroup;
			children = (
				050EA48C175925E600FC905A /* CMTrackTableView.h */,
				050EA48D175925E600FC905A /* CMTrackTableView.m */,
			);
			name = Subclasses;
			sourceTree = "<group>";
		};
		051AA91716EF51740095FF6E /* GUI */ = {
			isa = PBXGroup;
			children = (
				051AA91816EF51970095FF6E /* CMMainViewController.h */,
				051AA91916EF51970095FF6E /* CMMainViewController.m */,
				050EA48F175925EB00FC905A /* Subclasses */,
			);
			name = GUI;
			sourceTree = "<group>";
		};
		051AA91D16EF51A30095FF6E /* CoreData */ = {
			isa = PBXGroup;
			children = (
				0543D44E1A236B5C001E1661 /* CMCoreDataManager.h */,
				0543D44F1A236B5C001E1661 /* CMCoreDataManager.m */,
				05EC7ACE167AE9660062911E /* Centurion_Maker.xcdatamodeld */,
				05356126175A8B6D00243BD2 /* Value Transformers */,
				051AA92E16EF6B4D0095FF6E /* Objects */,
			);
			name = CoreData;
			sourceTree = "<group>";
		};
		051AA91E16EF51AD0095FF6E /* Resources */ = {
			isa = PBXGroup;
			children = (
				052787071A242CE40006ED3E /* icon-big.png */,
				05EC7AEF167B29090062911E /* ComputerData.caf */,
			);
			name = Resources;
			sourceTree = "<group>";
		};
		051AA92E16EF6B4D0095FF6E /* Objects */ = {
			isa = PBXGroup;
			children = (
				0543D45D1A241FED001E1661 /* CMTrack.h */,
				0543D45E1A241FED001E1661 /* CMTrack.m */,
			);
			name = Objects;
			sourceTree = "<group>";
		};
		05356126175A8B6D00243BD2 /* Value Transformers */ = {
			isa = PBXGroup;
			children = (
				0535612A175A8CD400243BD2 /* CMTrackOrderTransformer.h */,
				0535612B175A8CD400243BD2 /* CMTrackOrderTransformer.m */,
				05356127175A8B9C00243BD2 /* CMTrackDurationTransformer.h */,
				05356128175A8B9C00243BD2 /* CMTrackDurationTransformer.m */,
			);
			name = "Value Transformers";
			sourceTree = "<group>";
		};
		05654C8D1757DA8700C7235F /* Model */ = {
			isa = PBXGroup;
			children = (
				055424CE175BD95E0062080A /* CMTimeFormatter.h */,
				055424CF175BD95E0062080A /* CMTimeFormatter.m */,
				05CBE58A175938BA009B2AC0 /* CMMediaManager.h */,
				05CBE58B175938BA009B2AC0 /* CMMediaManager.m */,
			);
			name = Model;
			sourceTree = "<group>";
		};
		05EC7AA7167AE9660062911E = {
			isa = PBXGroup;
			children = (
				05EC7ABC167AE9660062911E /* Centurion Maker */,
				05EC7AB5167AE9660062911E /* Frameworks */,
				05EC7AB3167AE9660062911E /* Products */,
			);
			sourceTree = "<group>";
		};
		05EC7AB3167AE9660062911E /* Products */ = {
			isa = PBXGroup;
			children = (
				05EC7AB2167AE9660062911E /* Centurion Maker.app */,
			);
			name = Products;
			sourceTree = "<group>";
		};
		05EC7AB5167AE9660062911E /* Frameworks */ = {
			isa = PBXGroup;
			children = (
				05EC7ADD167AE9BB0062911E /* CoreMedia.framework */,
				05EC7ADB167AE9B50062911E /* AVFoundation.framework */,
				05EC7AB6167AE9660062911E /* Cocoa.framework */,
				05EC7AB9167AE9660062911E /* AppKit.framework */,
				05EC7ABA167AE9660062911E /* CoreData.framework */,
				05EC7ABB167AE9660062911E /* Foundation.framework */,
			);
			name = Frameworks;
			sourceTree = "<group>";
		};
		05EC7ABC167AE9660062911E /* Centurion Maker */ = {
			isa = PBXGroup;
			children = (
				05EC7AC8167AE9660062911E /* CMAppDelegate.h */,
				05EC7AC9167AE9660062911E /* CMAppDelegate.m */,
				052E3C981A242E4900BB2FC0 /* Main.storyboard */,
				05F406D7175BFD98009FCE81 /* Others */,
				05654C8D1757DA8700C7235F /* Model */,
				051AA91716EF51740095FF6E /* GUI */,
				051AA91D16EF51A30095FF6E /* CoreData */,
				05F406E5175C1536009FCE81 /* 3rd Party */,
				051AA91E16EF51AD0095FF6E /* Resources */,
				052787051A24262F0006ED3E /* Images.xcassets */,
				05EC7ABD167AE9660062911E /* Supporting Files */,
			);
			path = "Centurion Maker";
			sourceTree = "<group>";
		};
		05EC7ABD167AE9660062911E /* Supporting Files */ = {
			isa = PBXGroup;
			children = (
				05EC7ABE167AE9660062911E /* Centurion Maker-Info.plist */,
				05EC7ABF167AE9660062911E /* InfoPlist.strings */,
				05EC7AC2167AE9660062911E /* main.m */,
				05EC7AC4167AE9660062911E /* Centurion Maker-Prefix.pch */,
				05EC7AC5167AE9660062911E /* Credits.rtf */,
			);
			name = "Supporting Files";
			sourceTree = "<group>";
		};
		05F406D7175BFD98009FCE81 /* Others */ = {
			isa = PBXGroup;
			children = (
				05F406DE175BFEB6009FCE81 /* DurationFormat.h */,
				05F406D8175BFDC2009FCE81 /* NSNumber+DurationFormat.h */,
				05F406D9175BFDC2009FCE81 /* NSNumber+DurationFormat.m */,
				05F406DB175BFE7F009FCE81 /* NSString+DurationFormat.h */,
				05F406DC175BFE7F009FCE81 /* NSString+DurationFormat.m */,
				05D00AEC17DD5C9600789012 /* CMExpiryManager.h */,
				05D00AED17DD5C9600789012 /* CMExpiryManager.m */,
			);
			name = Others;
			sourceTree = "<group>";
		};
		05F406E5175C1536009FCE81 /* 3rd Party */ = {
			isa = PBXGroup;
			children = (
				05F406E3175C152F009FCE81 /* NSPopover+Message.h */,
				05F406DF175C1524009FCE81 /* NSPopover+Message.m */,
				05F406E4175C152F009FCE81 /* NSString+Size.h */,
				05F406E0175C1524009FCE81 /* NSString+Size.m */,
			);
			name = "3rd Party";
			sourceTree = "<group>";
		};
/* End PBXGroup section */

/* Begin PBXNativeTarget section */
		05EC7AB1167AE9660062911E /* Centurion Maker */ = {
			isa = PBXNativeTarget;
			buildConfigurationList = 05EC7AD3167AE9660062911E /* Build configuration list for PBXNativeTarget "Centurion Maker" */;
			buildPhases = (
				05EC7AAE167AE9660062911E /* Sources */,
				05EC7AAF167AE9660062911E /* Frameworks */,
				05EC7AB0167AE9660062911E /* Resources */,
				0543D4651A2420C2001E1661 /* Embed Frameworks */,
			);
			buildRules = (
			);
			dependencies = (
			);
			name = "Centurion Maker";
			productName = "Centurion Maker";
			productReference = 05EC7AB2167AE9660062911E /* Centurion Maker.app */;
			productType = "com.apple.product-type.application";
		};
/* End PBXNativeTarget section */

/* Begin PBXProject section */
		05EC7AA9167AE9660062911E /* Project object */ = {
			isa = PBXProject;
			attributes = {
				CLASSPREFIX = CM;
				LastUpgradeCheck = 0800;
				ORGANIZATIONNAME = Jad;
			};
			buildConfigurationList = 05EC7AAC167AE9660062911E /* Build configuration list for PBXProject "Centurion Maker" */;
			compatibilityVersion = "Xcode 3.2";
			developmentRegion = English;
			hasScannedForEncodings = 0;
			knownRegions = (
				en,
			);
			mainGroup = 05EC7AA7167AE9660062911E;
			productRefGroup = 05EC7AB3167AE9660062911E /* Products */;
			projectDirPath = "";
			projectRoot = "";
			targets = (
				05EC7AB1167AE9660062911E /* Centurion Maker */,
			);
		};
/* End PBXProject section */

/* Begin PBXResourcesBuildPhase section */
		05EC7AB0167AE9660062911E /* Resources */ = {
			isa = PBXResourcesBuildPhase;
			buildActionMask = 2147483647;
			files = (
				052E3C991A242E4900BB2FC0 /* Main.storyboard in Resources */,
				05EC7AC1167AE9660062911E /* InfoPlist.strings in Resources */,
				05EC7AC7167AE9660062911E /* Credits.rtf in Resources */,
				052787061A24262F0006ED3E /* Images.xcassets in Resources */,
				05EC7AF0167B29090062911E /* ComputerData.caf in Resources */,
			);
			runOnlyForDeploymentPostprocessing = 0;
		};
/* End PBXResourcesBuildPhase section */

/* Begin PBXSourcesBuildPhase section */
		05EC7AAE167AE9660062911E /* Sources */ = {
			isa = PBXSourcesBuildPhase;
			buildActionMask = 2147483647;
			files = (
				05EC7AC3167AE9660062911E /* main.m in Sources */,
				05EC7ACA167AE9660062911E /* CMAppDelegate.m in Sources */,
				05EC7AD0167AE9660062911E /* Centurion_Maker.xcdatamodeld in Sources */,
				051AA91B16EF51970095FF6E /* CMMainViewController.m in Sources */,
				050EA48E175925E600FC905A /* CMTrackTableView.m in Sources */,
				05CBE58C175938BA009B2AC0 /* CMMediaManager.m in Sources */,
				05356129175A8B9C00243BD2 /* CMTrackDurationTransformer.m in Sources */,
				0535612C175A8CD400243BD2 /* CMTrackOrderTransformer.m in Sources */,
				055424D0175BD95E0062080A /* CMTimeFormatter.m in Sources */,
				05F406DA175BFDC2009FCE81 /* NSNumber+DurationFormat.m in Sources */,
				05F406DD175BFE7F009FCE81 /* NSString+DurationFormat.m in Sources */,
				05D00AEE17DD5C9600789012 /* CMExpiryManager.m in Sources */,
				0543D4501A236B5C001E1661 /* CMCoreDataManager.m in Sources */,
				05F406E1175C1524009FCE81 /* NSPopover+Message.m in Sources */,
				0543D45F1A241FED001E1661 /* CMTrack.m in Sources */,
				05F406E2175C1524009FCE81 /* NSString+Size.m in Sources */,
			);
			runOnlyForDeploymentPostprocessing = 0;
		};
/* End PBXSourcesBuildPhase section */

/* Begin PBXVariantGroup section */
		05EC7ABF167AE9660062911E /* InfoPlist.strings */ = {
			isa = PBXVariantGroup;
			children = (
				05EC7AC0167AE9660062911E /* en */,
			);
			name = InfoPlist.strings;
			sourceTree = "<group>";
		};
		05EC7AC5167AE9660062911E /* Credits.rtf */ = {
			isa = PBXVariantGroup;
			children = (
				05EC7AC6167AE9660062911E /* en */,
			);
			name = Credits.rtf;
			sourceTree = "<group>";
		};
/* End PBXVariantGroup section */

/* Begin XCBuildConfiguration section */
		05EC7AD1167AE9660062911E /* Debug */ = {
			isa = XCBuildConfiguration;
			buildSettings = {
				ALWAYS_SEARCH_USER_PATHS = NO;
				CLANG_CXX_LANGUAGE_STANDARD = "gnu++0x";
				CLANG_CXX_LIBRARY = "libc++";
				CLANG_ENABLE_OBJC_ARC = YES;
				CLANG_WARN_BOOL_CONVERSION = YES;
				CLANG_WARN_CONSTANT_CONVERSION = YES;
				CLANG_WARN_EMPTY_BODY = YES;
				CLANG_WARN_ENUM_CONVERSION = YES;
				CLANG_WARN_INFINITE_RECURSION = YES;
				CLANG_WARN_INT_CONVERSION = YES;
				CLANG_WARN_SUSPICIOUS_MOVE = YES;
				CLANG_WARN_UNREACHABLE_CODE = YES;
				CLANG_WARN__DUPLICATE_METHOD_MATCH = YES;
				COPY_PHASE_STRIP = NO;
				ENABLE_STRICT_OBJC_MSGSEND = YES;
				ENABLE_TESTABILITY = YES;
				GCC_C_LANGUAGE_STANDARD = gnu99;
				GCC_DYNAMIC_NO_PIC = NO;
				GCC_ENABLE_OBJC_EXCEPTIONS = YES;
				GCC_NO_COMMON_BLOCKS = YES;
				GCC_OPTIMIZATION_LEVEL = 0;
				GCC_PREPROCESSOR_DEFINITIONS = (
					"DEBUG=1",
					"$(inherited)",
				);
				GCC_SYMBOLS_PRIVATE_EXTERN = NO;
				GCC_WARN_64_TO_32_BIT_CONVERSION = YES;
				GCC_WARN_ABOUT_RETURN_TYPE = YES;
				GCC_WARN_UNDECLARED_SELECTOR = YES;
				GCC_WARN_UNINITIALIZED_AUTOS = YES;
				GCC_WARN_UNUSED_FUNCTION = YES;
				GCC_WARN_UNUSED_VARIABLE = YES;
				MACOSX_DEPLOYMENT_TARGET = 10.12;
				ONLY_ACTIVE_ARCH = YES;
				SDKROOT = macosx;
			};
			name = Debug;
		};
		05EC7AD2167AE9660062911E /* Release */ = {
			isa = XCBuildConfiguration;
			buildSettings = {
				ALWAYS_SEARCH_USER_PATHS = NO;
				CLANG_CXX_LANGUAGE_STANDARD = "gnu++0x";
				CLANG_CXX_LIBRARY = "libc++";
				CLANG_ENABLE_OBJC_ARC = YES;
				CLANG_WARN_BOOL_CONVERSION = YES;
				CLANG_WARN_CONSTANT_CONVERSION = YES;
				CLANG_WARN_EMPTY_BODY = YES;
				CLANG_WARN_ENUM_CONVERSION = YES;
				CLANG_WARN_INFINITE_RECURSION = YES;
				CLANG_WARN_INT_CONVERSION = YES;
				CLANG_WARN_SUSPICIOUS_MOVE = YES;
				CLANG_WARN_UNREACHABLE_CODE = YES;
				CLANG_WARN__DUPLICATE_METHOD_MATCH = YES;
				COPY_PHASE_STRIP = YES;
				DEBUG_INFORMATION_FORMAT = "dwarf-with-dsym";
				ENABLE_STRICT_OBJC_MSGSEND = YES;
				GCC_C_LANGUAGE_STANDARD = gnu99;
				GCC_ENABLE_OBJC_EXCEPTIONS = YES;
				GCC_NO_COMMON_BLOCKS = YES;
				GCC_WARN_64_TO_32_BIT_CONVERSION = YES;
				GCC_WARN_ABOUT_RETURN_TYPE = YES;
				GCC_WARN_UNDECLARED_SELECTOR = YES;
				GCC_WARN_UNINITIALIZED_AUTOS = YES;
				GCC_WARN_UNUSED_FUNCTION = YES;
				GCC_WARN_UNUSED_VARIABLE = YES;
				MACOSX_DEPLOYMENT_TARGET = 10.12;
				SDKROOT = macosx;
			};
			name = Release;
		};
		05EC7AD4167AE9660062911E /* Debug */ = {
			isa = XCBuildConfiguration;
			buildSettings = {
				ALWAYS_EMBED_SWIFT_STANDARD_LIBRARIES = YES;
				ASSETCATALOG_COMPILER_APPICON_NAME = AppIcon;
				CLANG_ENABLE_MODULES = YES;
				COMBINE_HIDPI_IMAGES = YES;
				GCC_PRECOMPILE_PREFIX_HEADER = YES;
				GCC_PREFIX_HEADER = "Centurion Maker/Centurion Maker-Prefix.pch";
				HEADER_SEARCH_PATHS = (
					"$(inherited)",
					/Applications/Xcode.app/Contents/Developer/Toolchains/XcodeDefault.xctoolchain/usr/include,
					"$(CONFIGURATION_BUILD_DIR)",
				);
				INFOPLIST_FILE = "Centurion Maker/Centurion Maker-Info.plist";
				LD_RUNPATH_SEARCH_PATHS = "$(inherited) @executable_path/../Frameworks";
				MACOSX_DEPLOYMENT_TARGET = 10.12;
				PRODUCT_BUNDLE_IDENTIFIER = "com.jad.${PRODUCT_NAME:rfc1034identifier}";
				PRODUCT_NAME = "$(TARGET_NAME)";
				WRAPPER_EXTENSION = app;
			};
			name = Debug;
		};
		05EC7AD5167AE9660062911E /* Release */ = {
			isa = XCBuildConfiguration;
			buildSettings = {
				ALWAYS_EMBED_SWIFT_STANDARD_LIBRARIES = YES;
				ASSETCATALOG_COMPILER_APPICON_NAME = AppIcon;
				CLANG_ENABLE_MODULES = YES;
				COMBINE_HIDPI_IMAGES = YES;
				GCC_PRECOMPILE_PREFIX_HEADER = YES;
				GCC_PREFIX_HEADER = "Centurion Maker/Centurion Maker-Prefix.pch";
				HEADER_SEARCH_PATHS = (
					"$(inherited)",
					/Applications/Xcode.app/Contents/Developer/Toolchains/XcodeDefault.xctoolchain/usr/include,
					"$(CONFIGURATION_BUILD_DIR)",
				);
				INFOPLIST_FILE = "Centurion Maker/Centurion Maker-Info.plist";
				LD_RUNPATH_SEARCH_PATHS = "$(inherited) @executable_path/../Frameworks";
				MACOSX_DEPLOYMENT_TARGET = 10.12;
				PRODUCT_BUNDLE_IDENTIFIER = "com.jad.${PRODUCT_NAME:rfc1034identifier}";
				PRODUCT_NAME = "$(TARGET_NAME)";
				WRAPPER_EXTENSION = app;
			};
			name = Release;
		};
/* End XCBuildConfiguration section */

/* Begin XCConfigurationList section */
		05EC7AAC167AE9660062911E /* Build configuration list for PBXProject "Centurion Maker" */ = {
			isa = XCConfigurationList;
			buildConfigurations = (
				05EC7AD1167AE9660062911E /* Debug */,
				05EC7AD2167AE9660062911E /* Release */,
			);
			defaultConfigurationIsVisible = 0;
			defaultConfigurationName = Release;
		};
		05EC7AD3167AE9660062911E /* Build configuration list for PBXNativeTarget "Centurion Maker" */ = {
			isa = XCConfigurationList;
			buildConfigurations = (
				05EC7AD4167AE9660062911E /* Debug */,
				05EC7AD5167AE9660062911E /* Release */,
			);
			defaultConfigurationIsVisible = 0;
			defaultConfigurationName = Release;
		};
/* End XCConfigurationList section */

/* Begin XCVersionGroup section */
		05EC7ACE167AE9660062911E /* Centurion_Maker.xcdatamodeld */ = {
			isa = XCVersionGroup;
			children = (
				05EC7ACF167AE9660062911E /* Centurion_Maker.xcdatamodel */,
			);
			currentVersion = 05EC7ACF167AE9660062911E /* Centurion_Maker.xcdatamodel */;
			path = Centurion_Maker.xcdatamodeld;
			sourceTree = "<group>";
			versionGroupType = wrapper.xcdatamodel;
		};
/* End XCVersionGroup section */
	};
	rootObject = 05EC7AA9167AE9660062911E /* Project object */;
}
